github.com/alextonkonogov/gb_tst_modules v1.0.4 h1:vMQUlV2NEffb+auxcTavgyGo4ahKy/FgQlo8d9nrnoc=
github.com/alextonkonogov/gb_tst_modules v1.0.4/go.mod h1:RUnQ9GOCr0LtMlesgj8+XmPVWhIXciATEVh9b2OW/aU=
github.com/alextonkonogov/gb_tst_modules/v2 v2.0.1 h1:rXUWZV36/4wCBb1bfRJGc8Q89Pz7SVMfIt5LHhfpoaE=
github.com/alextonkonogov/gb_tst_modules/v2 v2.0.1/go.mod h1:1OUDwYoMAKMnCEEzH7u6F3rjpYLAg0DuqYjmlb5etC4=
